
Microsoft Visual Studio Solution File, Format Version 12.00
# Visual Studio Version 16
VisualStudioVersion = 16.0.29306.81
MinimumVisualStudioVersion = 15.0.26124.0
Project("{FAE04EC0-301F-11D3-BF4B-00C04F79EFBC}") = "Introduction", "Introduction\Introduction.csproj", "{984F0793-0AFD-4E55-A96F-CDA8D806EB7A}"
EndProject
Global
	GlobalSection(SolutionConfigurationPlatforms) = preSolution
		Debug|Any CPU = Debug|Any CPU
		Debug|x64 = Debug|x64
		Debug|x86 = Debug|x86
		Release|Any CPU = Release|Any CPU
		Release|x64 = Release|x64
		Release|x86 = Release|x86
	EndGlobalSection
	GlobalSection(ProjectConfigurationPlatforms) = postSolution
		{984F0793-0AFD-4E55-A96F-CDA8D806EB7A}.Debug|Any CPU.ActiveCfg = Debug|Any CPU
		{984F0793-0AFD-4E55-A96F-CDA8D806EB7A}.Debug|Any CPU.Build.0 = Debug|Any CPU
		{984F0793-0AFD-4E55-A96F-CDA8D806EB7A}.Debug|x64.ActiveCfg = Debug|Any CPU
		{984F0793-0AFD-4E55-A96F-CDA8D806EB7A}.Debug|x64.Build.0 = Debug|Any CPU
		{984F0793-0AFD-4E55-A96F-CDA8D806EB7A}.Debug|x86.ActiveCfg = Debug|Any CPU
		{984F0793-0AFD-4E55-A96F-CDA8D806EB7A}.Debug|x86.Build.0 = Debug|Any CPU
		{984F0793-0AFD-4E55-A96F-CDA8D806EB7A}.Release|Any CPU.ActiveCfg = Release|Any CPU
		{984F0793-0AFD-4E55-A96F-CDA8D806EB7A}.Release|Any CPU.Build.0 = Release|Any CPU
		{984F0793-0AFD-4E55-A96F-CDA8D806EB7A}.Release|x64.ActiveCfg = Release|Any CPU
		{984F0793-0AFD-4E55-A96F-CDA8D806EB7A}.Release|x64.Build.0 = Release|Any CPU
		{984F0793-0AFD-4E55-A96F-CDA8D806EB7A}.Release|x86.ActiveCfg = Release|Any CPU
		{984F0793-0AFD-4E55-A96F-CDA8D806EB7A}.Release|x86.Build.0 = Release|Any CPU
	EndGlobalSection
	GlobalSection(SolutionProperties) = preSolution
		HideSolutionNode = FALSE
	EndGlobalSection
	GlobalSection(ExtensibilityGlobals) = postSolution
		SolutionGuid = {72EBDEB5-BECC-4C12-B1A4-28C66DAAB1A9}
	EndGlobalSection
EndGlobal
